
Microsoft Visual Studio Solution File, Format Version 12.00
# Visual Studio Version 16
VisualStudioVersion = 16.0.31129.286
MinimumVisualStudioVersion = 10.0.40219.1
Project("{FAE04EC0-301F-11D3-BF4B-00C04F79EFBC}") = "QL_HienMau", "QL_HienMau\QL_HienMau.csproj", "{9869DBCC-0622-4370-A58E-FB6642F41C5D}"
EndProject
Global
	GlobalSection(SolutionConfigurationPlatforms) = preSolution
		Debug|Any CPU = Debug|Any CPU
		Release|Any CPU = Release|Any CPU
	EndGlobalSection
	GlobalSection(ProjectConfigurationPlatforms) = postSolution
		{9869DBCC-0622-4370-A58E-FB6642F41C5D}.Debug|Any CPU.ActiveCfg = Debug|Any CPU
		{9869DBCC-0622-4370-A58E-FB6642F41C5D}.Debug|Any CPU.Build.0 = Debug|Any CPU
		{9869DBCC-0622-4370-A58E-FB6642F41C5D}.Release|Any CPU.ActiveCfg = Release|Any CPU
		{9869DBCC-0622-4370-A58E-FB6642F41C5D}.Release|Any CPU.Build.0 = Release|Any CPU
	EndGlobalSection
	GlobalSection(SolutionProperties) = preSolution
		HideSolutionNode = FALSE
	EndGlobalSection
	GlobalSection(ExtensibilityGlobals) = postSolution
		SolutionGuid = {82D3C5EB-0319-48D8-ABF7-FCB811CCBE7C}
	EndGlobalSection
EndGlobal
